
Microsoft Visual Studio Solution File, Format Version 12.00
# Visual Studio 2013
VisualStudioVersion = 12.0.30723.0
MinimumVisualStudioVersion = 10.0.40219.1
Project("{FAE04EC0-301F-11D3-BF4B-00C04F79EFBC}") = "RxSpy.StressTest", "RxSpy.StressTest\RxSpy.StressTest.csproj", "{AEDF8197-4672-45B8-B152-131C11439D90}"
EndProject
Project("{FAE04EC0-301F-11D3-BF4B-00C04F79EFBC}") = "RxSpy.Grpc.TestConsole", "RxSpy.Grpc.TestConsole\RxSpy.Grpc.TestConsole.csproj", "{C50D2810-7AE0-435E-B0DF-245820F26D08}"
EndProject
Project("{FAE04EC0-301F-11D3-BF4B-00C04F79EFBC}") = "RxSpy.LiveView", "RxSpy.LiveView\RxSpy.LiveView.csproj", "{D7E752E7-411A-413B-B27D-482C653C45DC}"
EndProject
Project("{FAE04EC0-301F-11D3-BF4B-00C04F79EFBC}") = "RxSpy", "RxSpy\RxSpy.csproj", "{AD01307E-2429-482A-9F7A-A8AA147BCFDA}"
EndProject
Project("{2150E333-8FDC-42A3-9474-1A3956D46DE8}") = "Protos", "Protos", "{440EA6A5-6BF2-4878-AFDC-24C246BE8A7F}"
	ProjectSection(SolutionItems) = preProject
		Protos\RxSpy.Models.Events.proto = Protos\RxSpy.Models.Events.proto
	EndProjectSection
EndProject
Project("{2150E333-8FDC-42A3-9474-1A3956D46DE8}") = "SolutionItems", "SolutionItems", "{551D5F74-F794-4338-B26A-8224FA07B279}"
	ProjectSection(SolutionItems) = preProject
		.gitattributes = .gitattributes
		.gitignore = .gitignore
		LICENSE = LICENSE
		Readme.md = Readme.md
	EndProjectSection
EndProject
Project("{FAE04EC0-301F-11D3-BF4B-00C04F79EFBC}") = "RxSpy.AspNet", "RxSpy.AspNet\RxSpy.AspNet.csproj", "{5FCE520F-47AB-4176-BDA3-71E479E9EE42}"
EndProject
Project("{2150E333-8FDC-42A3-9474-1A3956D46DE8}") = "Utils", "Utils", "{223E876F-3211-4B67-AC15-FB520EC860A9}"
EndProject
Project("{FAE04EC0-301F-11D3-BF4B-00C04F79EFBC}") = "RxSpy.Grpc", "RxSpy.Grpc\RxSpy.Grpc.csproj", "{6637CFD3-5562-428A-BC38-EE0EEDAB1763}"
EndProject
Project("{FAE04EC0-301F-11D3-BF4B-00C04F79EFBC}") = "RxSpy.Streaming", "RxSpy.Streaming\RxSpy.Streaming.csproj", "{E75EA708-D815-4491-826B-9308EA7F8965}"
EndProject
Project("{FAE04EC0-301F-11D3-BF4B-00C04F79EFBC}") = "RxSpy.AspNet.TestConsole", "RxSpy.AspNet.TestConsole\RxSpy.AspNet.TestConsole.csproj", "{132348F8-2F75-4799-854F-F976E79F4337}"
EndProject
Project("{FAE04EC0-301F-11D3-BF4B-00C04F79EFBC}") = "RxSpy.Tests", "RxSpy.Tests\RxSpy.Tests.csproj", "{A1192B3B-2039-4D27-B4ED-4CA9A26E5791}"
EndProject
Project("{FAE04EC0-301F-11D3-BF4B-00C04F79EFBC}") = "RxSpy.Grpc.Tests", "RxSpy.Grpc.Tests\RxSpy.Grpc.Tests.csproj", "{0ACA22AA-3F0C-4297-812E-44C9A36FCCB4}"
EndProject
Global
	GlobalSection(SolutionConfigurationPlatforms) = preSolution
		Debug|Any CPU = Debug|Any CPU
		Release|Any CPU = Release|Any CPU
	EndGlobalSection
	GlobalSection(ProjectConfigurationPlatforms) = postSolution
		{AEDF8197-4672-45B8-B152-131C11439D90}.Debug|Any CPU.ActiveCfg = Debug|Any CPU
		{AEDF8197-4672-45B8-B152-131C11439D90}.Debug|Any CPU.Build.0 = Debug|Any CPU
		{AEDF8197-4672-45B8-B152-131C11439D90}.Release|Any CPU.ActiveCfg = Release|Any CPU
		{AEDF8197-4672-45B8-B152-131C11439D90}.Release|Any CPU.Build.0 = Release|Any CPU
		{C50D2810-7AE0-435E-B0DF-245820F26D08}.Debug|Any CPU.ActiveCfg = Debug|Any CPU
		{C50D2810-7AE0-435E-B0DF-245820F26D08}.Debug|Any CPU.Build.0 = Debug|Any CPU
		{C50D2810-7AE0-435E-B0DF-245820F26D08}.Release|Any CPU.ActiveCfg = Release|Any CPU
		{C50D2810-7AE0-435E-B0DF-245820F26D08}.Release|Any CPU.Build.0 = Release|Any CPU
		{D7E752E7-411A-413B-B27D-482C653C45DC}.Debug|Any CPU.ActiveCfg = Debug|Any CPU
		{D7E752E7-411A-413B-B27D-482C653C45DC}.Debug|Any CPU.Build.0 = Debug|Any CPU
		{D7E752E7-411A-413B-B27D-482C653C45DC}.Release|Any CPU.ActiveCfg = Release|Any CPU
		{D7E752E7-411A-413B-B27D-482C653C45DC}.Release|Any CPU.Build.0 = Release|Any CPU
		{AD01307E-2429-482A-9F7A-A8AA147BCFDA}.Debug|Any CPU.ActiveCfg = Debug|Any CPU
		{AD01307E-2429-482A-9F7A-A8AA147BCFDA}.Debug|Any CPU.Build.0 = Debug|Any CPU
		{AD01307E-2429-482A-9F7A-A8AA147BCFDA}.Release|Any CPU.ActiveCfg = Release|Any CPU
		{AD01307E-2429-482A-9F7A-A8AA147BCFDA}.Release|Any CPU.Build.0 = Release|Any CPU
		{5FCE520F-47AB-4176-BDA3-71E479E9EE42}.Debug|Any CPU.ActiveCfg = Debug|Any CPU
		{5FCE520F-47AB-4176-BDA3-71E479E9EE42}.Debug|Any CPU.Build.0 = Debug|Any CPU
		{5FCE520F-47AB-4176-BDA3-71E479E9EE42}.Release|Any CPU.ActiveCfg = Release|Any CPU
		{5FCE520F-47AB-4176-BDA3-71E479E9EE42}.Release|Any CPU.Build.0 = Release|Any CPU
		{6637CFD3-5562-428A-BC38-EE0EEDAB1763}.Debug|Any CPU.ActiveCfg = Debug|Any CPU
		{6637CFD3-5562-428A-BC38-EE0EEDAB1763}.Debug|Any CPU.Build.0 = Debug|Any CPU
		{6637CFD3-5562-428A-BC38-EE0EEDAB1763}.Release|Any CPU.ActiveCfg = Release|Any CPU
		{6637CFD3-5562-428A-BC38-EE0EEDAB1763}.Release|Any CPU.Build.0 = Release|Any CPU
		{E75EA708-D815-4491-826B-9308EA7F8965}.Debug|Any CPU.ActiveCfg = Debug|Any CPU
		{E75EA708-D815-4491-826B-9308EA7F8965}.Debug|Any CPU.Build.0 = Debug|Any CPU
		{E75EA708-D815-4491-826B-9308EA7F8965}.Release|Any CPU.ActiveCfg = Release|Any CPU
		{E75EA708-D815-4491-826B-9308EA7F8965}.Release|Any CPU.Build.0 = Release|Any CPU
		{132348F8-2F75-4799-854F-F976E79F4337}.Debug|Any CPU.ActiveCfg = Debug|Any CPU
		{132348F8-2F75-4799-854F-F976E79F4337}.Debug|Any CPU.Build.0 = Debug|Any CPU
		{132348F8-2F75-4799-854F-F976E79F4337}.Release|Any CPU.ActiveCfg = Release|Any CPU
		{132348F8-2F75-4799-854F-F976E79F4337}.Release|Any CPU.Build.0 = Release|Any CPU
		{A1192B3B-2039-4D27-B4ED-4CA9A26E5791}.Debug|Any CPU.ActiveCfg = Debug|Any CPU
		{A1192B3B-2039-4D27-B4ED-4CA9A26E5791}.Debug|Any CPU.Build.0 = Debug|Any CPU
		{A1192B3B-2039-4D27-B4ED-4CA9A26E5791}.Release|Any CPU.ActiveCfg = Release|Any CPU
		{A1192B3B-2039-4D27-B4ED-4CA9A26E5791}.Release|Any CPU.Build.0 = Release|Any CPU
		{0ACA22AA-3F0C-4297-812E-44C9A36FCCB4}.Debug|Any CPU.ActiveCfg = Debug|Any CPU
		{0ACA22AA-3F0C-4297-812E-44C9A36FCCB4}.Debug|Any CPU.Build.0 = Debug|Any CPU
		{0ACA22AA-3F0C-4297-812E-44C9A36FCCB4}.Release|Any CPU.ActiveCfg = Release|Any CPU
		{0ACA22AA-3F0C-4297-812E-44C9A36FCCB4}.Release|Any CPU.Build.0 = Release|Any CPU
	EndGlobalSection
	GlobalSection(SolutionProperties) = preSolution
		HideSolutionNode = FALSE
	EndGlobalSection
	GlobalSection(NestedProjects) = preSolution
		{AEDF8197-4672-45B8-B152-131C11439D90} = {223E876F-3211-4B67-AC15-FB520EC860A9}
		{C50D2810-7AE0-435E-B0DF-245820F26D08} = {223E876F-3211-4B67-AC15-FB520EC860A9}
		{D7E752E7-411A-413B-B27D-482C653C45DC} = {223E876F-3211-4B67-AC15-FB520EC860A9}
		{132348F8-2F75-4799-854F-F976E79F4337} = {223E876F-3211-4B67-AC15-FB520EC860A9}
	EndGlobalSection
EndGlobal
